
Microsoft Visual Studio Solution File, Format Version 12.00
# Visual Studio 15
VisualStudioVersion = 15.0.26124.0
MinimumVisualStudioVersion = 15.0.26124.0
Project("{FAE04EC0-301F-11D3-BF4B-00C04F79EFBC}") = "whitewaterfinder.test", "whitewaterfinder.test\whitewaterfinder.test.csproj", "{F2A73E10-4B89-4780-9FAD-37FB79CADBE6}"
EndProject
Project("{FAE04EC0-301F-11D3-BF4B-00C04F79EFBC}") = "whitewaterfinder.Repo", "whitewaterfinder.Repo\whitewaterfinder.Repo.csproj", "{A06C3697-7BA0-447F-AA00-6A4274A6DB78}"
EndProject
Project("{FAE04EC0-301F-11D3-BF4B-00C04F79EFBC}") = "whitewaterfinder.BusinessObjects", "whitewaterfinder.BusinessObjects\whitewaterfinder.BusinessObjects.csproj", "{2333F68B-4C79-479A-A85E-FF2D48B52CD3}"
EndProject
Project("{FAE04EC0-301F-11D3-BF4B-00C04F79EFBC}") = "whitewaterfinder.Daemon", "whitewaterfinder.Daemon\whitewaterfinder.Daemon.csproj", "{36A2B15C-99FB-415A-BCEC-06C41B76000F}"
EndProject
Project("{FAE04EC0-301F-11D3-BF4B-00C04F79EFBC}") = "whitewaterfinder.Bot", "whitewaterfinder.Bot\whitewaterfinder.Bot.csproj", "{89C3B9AE-4A00-4766-818C-18D30391B26B}"
EndProject
Project("{FAE04EC0-301F-11D3-BF4B-00C04F79EFBC}") = "whitewaterfinder.app.bot", "whitewaterfinder.app.bot\whitewaterfinder.app.bot.csproj", "{70358AF1-2155-47A9-B5DA-CE016044C6EC}"
EndProject
Project("{FAE04EC0-301F-11D3-BF4B-00C04F79EFBC}") = "whitewaterfinder.api.admin", "whitewaterfinder.api.admin\whitewaterfinder.api.admin.csproj", "{D9446660-7DFA-4C3C-99E5-F246955D484F}"
EndProject
Project("{FAE04EC0-301F-11D3-BF4B-00C04F79EFBC}") = "whitewaterfinder.api.bot", "whitewaterfinder.api.bot\whitewaterfinder.api.bot.csproj", "{62FE9D54-6B82-4F66-92E0-B1F961EE5B34}"
EndProject
Project("{FAE04EC0-301F-11D3-BF4B-00C04F79EFBC}") = "whitewaterfinder.Core.Admin", "whitewaterfinder.Core.Admin\whitewaterfinder.Core.Admin.csproj", "{D6941C5A-75DF-4671-958E-234F1F132638}"
EndProject
Project("{FAE04EC0-301F-11D3-BF4B-00C04F79EFBC}") = "whitewaterfinder.Core.Weather", "whitewaterfinder.Core.Weather\whitewaterfinder.Core.Weather.csproj", "{A5945ECD-5A10-46F5-B912-3A31FF5D8A7C}"
EndProject
Project("{FAE04EC0-301F-11D3-BF4B-00C04F79EFBC}") = "whitewaterfinder.Repo.Rivers", "whitewaterfinder.Repo.Rivers\whitewaterfinder.Repo.Rivers.csproj", "{514BC3F5-EBFD-42CE-B388-7B82417D9429}"
EndProject
Project("{FAE04EC0-301F-11D3-BF4B-00C04F79EFBC}") = "whitewaterfinder.Repo.Weather", "whitewaterfinder.Repo.Weather\whitewaterfinder.Repo.Weather.csproj", "{AD704292-B900-4014-AFFD-6839F1569307}"
EndProject
Project("{FAE04EC0-301F-11D3-BF4B-00C04F79EFBC}") = "whitewaterfinder.api", "whitewaterfinder.api\whitewaterfinder.api.csproj", "{4D5C7746-C3A5-445E-9298-6B89E0D07463}"
EndProject
Project("{FAE04EC0-301F-11D3-BF4B-00C04F79EFBC}") = "whitewaterfinder.api.monitoring", "whitewaterfinder.api.monitoring\whitewaterfinder.api.monitoring.csproj", "{70CCF4C3-F080-4EEC-8707-78F77B5DABC1}"
EndProject
Project("{FAE04EC0-301F-11D3-BF4B-00C04F79EFBC}") = "whitewaterfinder.Repo.Admin", "whitewaterfinder.Repo.Admin\whitewaterfinder.Repo.Admin.csproj", "{B741F8DC-9477-46FA-9814-47229FF6D0B1}"
EndProject
Project("{FAE04EC0-301F-11D3-BF4B-00C04F79EFBC}") = "whitewaterfinder.Core.Rivers", "whitewaterfinder.Core.Rivers\whitewaterfinder.Core.Rivers.csproj", "{F2E4736B-8D39-411F-8020-F445851E6515}"
EndProject
Global
	GlobalSection(SolutionConfigurationPlatforms) = preSolution
		Debug|Any CPU = Debug|Any CPU
		Debug|x64 = Debug|x64
		Debug|x86 = Debug|x86
		Release|Any CPU = Release|Any CPU
		Release|x64 = Release|x64
		Release|x86 = Release|x86
	EndGlobalSection
	GlobalSection(SolutionProperties) = preSolution
		HideSolutionNode = FALSE
	EndGlobalSection
	GlobalSection(ProjectConfigurationPlatforms) = postSolution
		{2103EA23-358F-4C44-A207-0E2DFBCD3194}.Debug|Any CPU.ActiveCfg = Debug|Any CPU
		{2103EA23-358F-4C44-A207-0E2DFBCD3194}.Debug|Any CPU.Build.0 = Debug|Any CPU
		{2103EA23-358F-4C44-A207-0E2DFBCD3194}.Debug|x64.ActiveCfg = Debug|Any CPU
		{2103EA23-358F-4C44-A207-0E2DFBCD3194}.Debug|x64.Build.0 = Debug|Any CPU
		{2103EA23-358F-4C44-A207-0E2DFBCD3194}.Debug|x86.ActiveCfg = Debug|Any CPU
		{2103EA23-358F-4C44-A207-0E2DFBCD3194}.Debug|x86.Build.0 = Debug|Any CPU
		{2103EA23-358F-4C44-A207-0E2DFBCD3194}.Release|Any CPU.ActiveCfg = Release|Any CPU
		{2103EA23-358F-4C44-A207-0E2DFBCD3194}.Release|Any CPU.Build.0 = Release|Any CPU
		{2103EA23-358F-4C44-A207-0E2DFBCD3194}.Release|x64.ActiveCfg = Release|Any CPU
		{2103EA23-358F-4C44-A207-0E2DFBCD3194}.Release|x64.Build.0 = Release|Any CPU
		{2103EA23-358F-4C44-A207-0E2DFBCD3194}.Release|x86.ActiveCfg = Release|Any CPU
		{2103EA23-358F-4C44-A207-0E2DFBCD3194}.Release|x86.Build.0 = Release|Any CPU
		{F2A73E10-4B89-4780-9FAD-37FB79CADBE6}.Debug|Any CPU.ActiveCfg = Debug|Any CPU
		{F2A73E10-4B89-4780-9FAD-37FB79CADBE6}.Debug|Any CPU.Build.0 = Debug|Any CPU
		{F2A73E10-4B89-4780-9FAD-37FB79CADBE6}.Debug|x64.ActiveCfg = Debug|Any CPU
		{F2A73E10-4B89-4780-9FAD-37FB79CADBE6}.Debug|x64.Build.0 = Debug|Any CPU
		{F2A73E10-4B89-4780-9FAD-37FB79CADBE6}.Debug|x86.ActiveCfg = Debug|Any CPU
		{F2A73E10-4B89-4780-9FAD-37FB79CADBE6}.Debug|x86.Build.0 = Debug|Any CPU
		{F2A73E10-4B89-4780-9FAD-37FB79CADBE6}.Release|Any CPU.ActiveCfg = Release|Any CPU
		{F2A73E10-4B89-4780-9FAD-37FB79CADBE6}.Release|Any CPU.Build.0 = Release|Any CPU
		{F2A73E10-4B89-4780-9FAD-37FB79CADBE6}.Release|x64.ActiveCfg = Release|Any CPU
		{F2A73E10-4B89-4780-9FAD-37FB79CADBE6}.Release|x64.Build.0 = Release|Any CPU
		{F2A73E10-4B89-4780-9FAD-37FB79CADBE6}.Release|x86.ActiveCfg = Release|Any CPU
		{F2A73E10-4B89-4780-9FAD-37FB79CADBE6}.Release|x86.Build.0 = Release|Any CPU
		{A06C3697-7BA0-447F-AA00-6A4274A6DB78}.Debug|Any CPU.ActiveCfg = Debug|Any CPU
		{A06C3697-7BA0-447F-AA00-6A4274A6DB78}.Debug|Any CPU.Build.0 = Debug|Any CPU
		{A06C3697-7BA0-447F-AA00-6A4274A6DB78}.Debug|x64.ActiveCfg = Debug|Any CPU
		{A06C3697-7BA0-447F-AA00-6A4274A6DB78}.Debug|x64.Build.0 = Debug|Any CPU
		{A06C3697-7BA0-447F-AA00-6A4274A6DB78}.Debug|x86.ActiveCfg = Debug|Any CPU
		{A06C3697-7BA0-447F-AA00-6A4274A6DB78}.Debug|x86.Build.0 = Debug|Any CPU
		{A06C3697-7BA0-447F-AA00-6A4274A6DB78}.Release|Any CPU.ActiveCfg = Release|Any CPU
		{A06C3697-7BA0-447F-AA00-6A4274A6DB78}.Release|Any CPU.Build.0 = Release|Any CPU
		{A06C3697-7BA0-447F-AA00-6A4274A6DB78}.Release|x64.ActiveCfg = Release|Any CPU
		{A06C3697-7BA0-447F-AA00-6A4274A6DB78}.Release|x64.Build.0 = Release|Any CPU
		{A06C3697-7BA0-447F-AA00-6A4274A6DB78}.Release|x86.ActiveCfg = Release|Any CPU
		{A06C3697-7BA0-447F-AA00-6A4274A6DB78}.Release|x86.Build.0 = Release|Any CPU
		{2333F68B-4C79-479A-A85E-FF2D48B52CD3}.Debug|Any CPU.ActiveCfg = Debug|Any CPU
		{2333F68B-4C79-479A-A85E-FF2D48B52CD3}.Debug|Any CPU.Build.0 = Debug|Any CPU
		{2333F68B-4C79-479A-A85E-FF2D48B52CD3}.Debug|x64.ActiveCfg = Debug|Any CPU
		{2333F68B-4C79-479A-A85E-FF2D48B52CD3}.Debug|x64.Build.0 = Debug|Any CPU
		{2333F68B-4C79-479A-A85E-FF2D48B52CD3}.Debug|x86.ActiveCfg = Debug|Any CPU
		{2333F68B-4C79-479A-A85E-FF2D48B52CD3}.Debug|x86.Build.0 = Debug|Any CPU
		{2333F68B-4C79-479A-A85E-FF2D48B52CD3}.Release|Any CPU.ActiveCfg = Release|Any CPU
		{2333F68B-4C79-479A-A85E-FF2D48B52CD3}.Release|Any CPU.Build.0 = Release|Any CPU
		{2333F68B-4C79-479A-A85E-FF2D48B52CD3}.Release|x64.ActiveCfg = Release|Any CPU
		{2333F68B-4C79-479A-A85E-FF2D48B52CD3}.Release|x64.Build.0 = Release|Any CPU
		{2333F68B-4C79-479A-A85E-FF2D48B52CD3}.Release|x86.ActiveCfg = Release|Any CPU
		{2333F68B-4C79-479A-A85E-FF2D48B52CD3}.Release|x86.Build.0 = Release|Any CPU
		{36A2B15C-99FB-415A-BCEC-06C41B76000F}.Debug|Any CPU.ActiveCfg = Debug|Any CPU
		{36A2B15C-99FB-415A-BCEC-06C41B76000F}.Debug|Any CPU.Build.0 = Debug|Any CPU
		{36A2B15C-99FB-415A-BCEC-06C41B76000F}.Debug|x64.ActiveCfg = Debug|Any CPU
		{36A2B15C-99FB-415A-BCEC-06C41B76000F}.Debug|x64.Build.0 = Debug|Any CPU
		{36A2B15C-99FB-415A-BCEC-06C41B76000F}.Debug|x86.ActiveCfg = Debug|Any CPU
		{36A2B15C-99FB-415A-BCEC-06C41B76000F}.Debug|x86.Build.0 = Debug|Any CPU
		{36A2B15C-99FB-415A-BCEC-06C41B76000F}.Release|Any CPU.ActiveCfg = Release|Any CPU
		{36A2B15C-99FB-415A-BCEC-06C41B76000F}.Release|Any CPU.Build.0 = Release|Any CPU
		{36A2B15C-99FB-415A-BCEC-06C41B76000F}.Release|x64.ActiveCfg = Release|Any CPU
		{36A2B15C-99FB-415A-BCEC-06C41B76000F}.Release|x64.Build.0 = Release|Any CPU
		{36A2B15C-99FB-415A-BCEC-06C41B76000F}.Release|x86.ActiveCfg = Release|Any CPU
		{36A2B15C-99FB-415A-BCEC-06C41B76000F}.Release|x86.Build.0 = Release|Any CPU
		{89C3B9AE-4A00-4766-818C-18D30391B26B}.Debug|Any CPU.ActiveCfg = Debug|Any CPU
		{89C3B9AE-4A00-4766-818C-18D30391B26B}.Debug|Any CPU.Build.0 = Debug|Any CPU
		{89C3B9AE-4A00-4766-818C-18D30391B26B}.Debug|x64.ActiveCfg = Debug|Any CPU
		{89C3B9AE-4A00-4766-818C-18D30391B26B}.Debug|x64.Build.0 = Debug|Any CPU
		{89C3B9AE-4A00-4766-818C-18D30391B26B}.Debug|x86.ActiveCfg = Debug|Any CPU
		{89C3B9AE-4A00-4766-818C-18D30391B26B}.Debug|x86.Build.0 = Debug|Any CPU
		{89C3B9AE-4A00-4766-818C-18D30391B26B}.Release|Any CPU.ActiveCfg = Release|Any CPU
		{89C3B9AE-4A00-4766-818C-18D30391B26B}.Release|Any CPU.Build.0 = Release|Any CPU
		{89C3B9AE-4A00-4766-818C-18D30391B26B}.Release|x64.ActiveCfg = Release|Any CPU
		{89C3B9AE-4A00-4766-818C-18D30391B26B}.Release|x64.Build.0 = Release|Any CPU
		{89C3B9AE-4A00-4766-818C-18D30391B26B}.Release|x86.ActiveCfg = Release|Any CPU
		{89C3B9AE-4A00-4766-818C-18D30391B26B}.Release|x86.Build.0 = Release|Any CPU
		{70358AF1-2155-47A9-B5DA-CE016044C6EC}.Debug|Any CPU.ActiveCfg = Debug|Any CPU
		{70358AF1-2155-47A9-B5DA-CE016044C6EC}.Debug|Any CPU.Build.0 = Debug|Any CPU
		{70358AF1-2155-47A9-B5DA-CE016044C6EC}.Debug|x64.ActiveCfg = Debug|Any CPU
		{70358AF1-2155-47A9-B5DA-CE016044C6EC}.Debug|x64.Build.0 = Debug|Any CPU
		{70358AF1-2155-47A9-B5DA-CE016044C6EC}.Debug|x86.ActiveCfg = Debug|Any CPU
		{70358AF1-2155-47A9-B5DA-CE016044C6EC}.Debug|x86.Build.0 = Debug|Any CPU
		{70358AF1-2155-47A9-B5DA-CE016044C6EC}.Release|Any CPU.ActiveCfg = Release|Any CPU
		{70358AF1-2155-47A9-B5DA-CE016044C6EC}.Release|Any CPU.Build.0 = Release|Any CPU
		{70358AF1-2155-47A9-B5DA-CE016044C6EC}.Release|x64.ActiveCfg = Release|Any CPU
		{70358AF1-2155-47A9-B5DA-CE016044C6EC}.Release|x64.Build.0 = Release|Any CPU
		{70358AF1-2155-47A9-B5DA-CE016044C6EC}.Release|x86.ActiveCfg = Release|Any CPU
		{70358AF1-2155-47A9-B5DA-CE016044C6EC}.Release|x86.Build.0 = Release|Any CPU
		{D9446660-7DFA-4C3C-99E5-F246955D484F}.Debug|Any CPU.ActiveCfg = Debug|Any CPU
		{D9446660-7DFA-4C3C-99E5-F246955D484F}.Debug|Any CPU.Build.0 = Debug|Any CPU
		{D9446660-7DFA-4C3C-99E5-F246955D484F}.Debug|x64.ActiveCfg = Debug|Any CPU
		{D9446660-7DFA-4C3C-99E5-F246955D484F}.Debug|x64.Build.0 = Debug|Any CPU
		{D9446660-7DFA-4C3C-99E5-F246955D484F}.Debug|x86.ActiveCfg = Debug|Any CPU
		{D9446660-7DFA-4C3C-99E5-F246955D484F}.Debug|x86.Build.0 = Debug|Any CPU
		{D9446660-7DFA-4C3C-99E5-F246955D484F}.Release|Any CPU.ActiveCfg = Release|Any CPU
		{D9446660-7DFA-4C3C-99E5-F246955D484F}.Release|Any CPU.Build.0 = Release|Any CPU
		{D9446660-7DFA-4C3C-99E5-F246955D484F}.Release|x64.ActiveCfg = Release|Any CPU
		{D9446660-7DFA-4C3C-99E5-F246955D484F}.Release|x64.Build.0 = Release|Any CPU
		{D9446660-7DFA-4C3C-99E5-F246955D484F}.Release|x86.ActiveCfg = Release|Any CPU
		{D9446660-7DFA-4C3C-99E5-F246955D484F}.Release|x86.Build.0 = Release|Any CPU
		{62FE9D54-6B82-4F66-92E0-B1F961EE5B34}.Debug|Any CPU.ActiveCfg = Debug|Any CPU
		{62FE9D54-6B82-4F66-92E0-B1F961EE5B34}.Debug|Any CPU.Build.0 = Debug|Any CPU
		{62FE9D54-6B82-4F66-92E0-B1F961EE5B34}.Debug|x64.ActiveCfg = Debug|Any CPU
		{62FE9D54-6B82-4F66-92E0-B1F961EE5B34}.Debug|x64.Build.0 = Debug|Any CPU
		{62FE9D54-6B82-4F66-92E0-B1F961EE5B34}.Debug|x86.ActiveCfg = Debug|Any CPU
		{62FE9D54-6B82-4F66-92E0-B1F961EE5B34}.Debug|x86.Build.0 = Debug|Any CPU
		{62FE9D54-6B82-4F66-92E0-B1F961EE5B34}.Release|Any CPU.ActiveCfg = Release|Any CPU
		{62FE9D54-6B82-4F66-92E0-B1F961EE5B34}.Release|Any CPU.Build.0 = Release|Any CPU
		{62FE9D54-6B82-4F66-92E0-B1F961EE5B34}.Release|x64.ActiveCfg = Release|Any CPU
		{62FE9D54-6B82-4F66-92E0-B1F961EE5B34}.Release|x64.Build.0 = Release|Any CPU
		{62FE9D54-6B82-4F66-92E0-B1F961EE5B34}.Release|x86.ActiveCfg = Release|Any CPU
		{62FE9D54-6B82-4F66-92E0-B1F961EE5B34}.Release|x86.Build.0 = Release|Any CPU
		{D6941C5A-75DF-4671-958E-234F1F132638}.Debug|Any CPU.ActiveCfg = Debug|Any CPU
		{D6941C5A-75DF-4671-958E-234F1F132638}.Debug|Any CPU.Build.0 = Debug|Any CPU
		{D6941C5A-75DF-4671-958E-234F1F132638}.Debug|x64.ActiveCfg = Debug|Any CPU
		{D6941C5A-75DF-4671-958E-234F1F132638}.Debug|x64.Build.0 = Debug|Any CPU
		{D6941C5A-75DF-4671-958E-234F1F132638}.Debug|x86.ActiveCfg = Debug|Any CPU
		{D6941C5A-75DF-4671-958E-234F1F132638}.Debug|x86.Build.0 = Debug|Any CPU
		{D6941C5A-75DF-4671-958E-234F1F132638}.Release|Any CPU.ActiveCfg = Release|Any CPU
		{D6941C5A-75DF-4671-958E-234F1F132638}.Release|Any CPU.Build.0 = Release|Any CPU
		{D6941C5A-75DF-4671-958E-234F1F132638}.Release|x64.ActiveCfg = Release|Any CPU
		{D6941C5A-75DF-4671-958E-234F1F132638}.Release|x64.Build.0 = Release|Any CPU
		{D6941C5A-75DF-4671-958E-234F1F132638}.Release|x86.ActiveCfg = Release|Any CPU
		{D6941C5A-75DF-4671-958E-234F1F132638}.Release|x86.Build.0 = Release|Any CPU
		{A5945ECD-5A10-46F5-B912-3A31FF5D8A7C}.Debug|Any CPU.ActiveCfg = Debug|Any CPU
		{A5945ECD-5A10-46F5-B912-3A31FF5D8A7C}.Debug|Any CPU.Build.0 = Debug|Any CPU
		{A5945ECD-5A10-46F5-B912-3A31FF5D8A7C}.Debug|x64.ActiveCfg = Debug|Any CPU
		{A5945ECD-5A10-46F5-B912-3A31FF5D8A7C}.Debug|x64.Build.0 = Debug|Any CPU
		{A5945ECD-5A10-46F5-B912-3A31FF5D8A7C}.Debug|x86.ActiveCfg = Debug|Any CPU
		{A5945ECD-5A10-46F5-B912-3A31FF5D8A7C}.Debug|x86.Build.0 = Debug|Any CPU
		{A5945ECD-5A10-46F5-B912-3A31FF5D8A7C}.Release|Any CPU.ActiveCfg = Release|Any CPU
		{A5945ECD-5A10-46F5-B912-3A31FF5D8A7C}.Release|Any CPU.Build.0 = Release|Any CPU
		{A5945ECD-5A10-46F5-B912-3A31FF5D8A7C}.Release|x64.ActiveCfg = Release|Any CPU
		{A5945ECD-5A10-46F5-B912-3A31FF5D8A7C}.Release|x64.Build.0 = Release|Any CPU
		{A5945ECD-5A10-46F5-B912-3A31FF5D8A7C}.Release|x86.ActiveCfg = Release|Any CPU
		{A5945ECD-5A10-46F5-B912-3A31FF5D8A7C}.Release|x86.Build.0 = Release|Any CPU
		{514BC3F5-EBFD-42CE-B388-7B82417D9429}.Debug|Any CPU.ActiveCfg = Debug|Any CPU
		{514BC3F5-EBFD-42CE-B388-7B82417D9429}.Debug|Any CPU.Build.0 = Debug|Any CPU
		{514BC3F5-EBFD-42CE-B388-7B82417D9429}.Debug|x64.ActiveCfg = Debug|Any CPU
		{514BC3F5-EBFD-42CE-B388-7B82417D9429}.Debug|x64.Build.0 = Debug|Any CPU
		{514BC3F5-EBFD-42CE-B388-7B82417D9429}.Debug|x86.ActiveCfg = Debug|Any CPU
		{514BC3F5-EBFD-42CE-B388-7B82417D9429}.Debug|x86.Build.0 = Debug|Any CPU
		{514BC3F5-EBFD-42CE-B388-7B82417D9429}.Release|Any CPU.ActiveCfg = Release|Any CPU
		{514BC3F5-EBFD-42CE-B388-7B82417D9429}.Release|Any CPU.Build.0 = Release|Any CPU
		{514BC3F5-EBFD-42CE-B388-7B82417D9429}.Release|x64.ActiveCfg = Release|Any CPU
		{514BC3F5-EBFD-42CE-B388-7B82417D9429}.Release|x64.Build.0 = Release|Any CPU
		{514BC3F5-EBFD-42CE-B388-7B82417D9429}.Release|x86.ActiveCfg = Release|Any CPU
		{514BC3F5-EBFD-42CE-B388-7B82417D9429}.Release|x86.Build.0 = Release|Any CPU
		{AD704292-B900-4014-AFFD-6839F1569307}.Debug|Any CPU.ActiveCfg = Debug|Any CPU
		{AD704292-B900-4014-AFFD-6839F1569307}.Debug|Any CPU.Build.0 = Debug|Any CPU
		{AD704292-B900-4014-AFFD-6839F1569307}.Debug|x64.ActiveCfg = Debug|Any CPU
		{AD704292-B900-4014-AFFD-6839F1569307}.Debug|x64.Build.0 = Debug|Any CPU
		{AD704292-B900-4014-AFFD-6839F1569307}.Debug|x86.ActiveCfg = Debug|Any CPU
		{AD704292-B900-4014-AFFD-6839F1569307}.Debug|x86.Build.0 = Debug|Any CPU
		{AD704292-B900-4014-AFFD-6839F1569307}.Release|Any CPU.ActiveCfg = Release|Any CPU
		{AD704292-B900-4014-AFFD-6839F1569307}.Release|Any CPU.Build.0 = Release|Any CPU
		{AD704292-B900-4014-AFFD-6839F1569307}.Release|x64.ActiveCfg = Release|Any CPU
		{AD704292-B900-4014-AFFD-6839F1569307}.Release|x64.Build.0 = Release|Any CPU
		{AD704292-B900-4014-AFFD-6839F1569307}.Release|x86.ActiveCfg = Release|Any CPU
		{AD704292-B900-4014-AFFD-6839F1569307}.Release|x86.Build.0 = Release|Any CPU
		{4D5C7746-C3A5-445E-9298-6B89E0D07463}.Debug|Any CPU.ActiveCfg = Debug|Any CPU
		{4D5C7746-C3A5-445E-9298-6B89E0D07463}.Debug|Any CPU.Build.0 = Debug|Any CPU
		{4D5C7746-C3A5-445E-9298-6B89E0D07463}.Debug|x64.ActiveCfg = Debug|Any CPU
		{4D5C7746-C3A5-445E-9298-6B89E0D07463}.Debug|x64.Build.0 = Debug|Any CPU
		{4D5C7746-C3A5-445E-9298-6B89E0D07463}.Debug|x86.ActiveCfg = Debug|Any CPU
		{4D5C7746-C3A5-445E-9298-6B89E0D07463}.Debug|x86.Build.0 = Debug|Any CPU
		{4D5C7746-C3A5-445E-9298-6B89E0D07463}.Release|Any CPU.ActiveCfg = Release|Any CPU
		{4D5C7746-C3A5-445E-9298-6B89E0D07463}.Release|Any CPU.Build.0 = Release|Any CPU
		{4D5C7746-C3A5-445E-9298-6B89E0D07463}.Release|x64.ActiveCfg = Release|Any CPU
		{4D5C7746-C3A5-445E-9298-6B89E0D07463}.Release|x64.Build.0 = Release|Any CPU
		{4D5C7746-C3A5-445E-9298-6B89E0D07463}.Release|x86.ActiveCfg = Release|Any CPU
		{4D5C7746-C3A5-445E-9298-6B89E0D07463}.Release|x86.Build.0 = Release|Any CPU
		{70CCF4C3-F080-4EEC-8707-78F77B5DABC1}.Debug|Any CPU.ActiveCfg = Debug|Any CPU
		{70CCF4C3-F080-4EEC-8707-78F77B5DABC1}.Debug|Any CPU.Build.0 = Debug|Any CPU
		{70CCF4C3-F080-4EEC-8707-78F77B5DABC1}.Debug|x64.ActiveCfg = Debug|Any CPU
		{70CCF4C3-F080-4EEC-8707-78F77B5DABC1}.Debug|x64.Build.0 = Debug|Any CPU
		{70CCF4C3-F080-4EEC-8707-78F77B5DABC1}.Debug|x86.ActiveCfg = Debug|Any CPU
		{70CCF4C3-F080-4EEC-8707-78F77B5DABC1}.Debug|x86.Build.0 = Debug|Any CPU
		{70CCF4C3-F080-4EEC-8707-78F77B5DABC1}.Release|Any CPU.ActiveCfg = Release|Any CPU
		{70CCF4C3-F080-4EEC-8707-78F77B5DABC1}.Release|Any CPU.Build.0 = Release|Any CPU
		{70CCF4C3-F080-4EEC-8707-78F77B5DABC1}.Release|x64.ActiveCfg = Release|Any CPU
		{70CCF4C3-F080-4EEC-8707-78F77B5DABC1}.Release|x64.Build.0 = Release|Any CPU
		{70CCF4C3-F080-4EEC-8707-78F77B5DABC1}.Release|x86.ActiveCfg = Release|Any CPU
		{70CCF4C3-F080-4EEC-8707-78F77B5DABC1}.Release|x86.Build.0 = Release|Any CPU
		{B741F8DC-9477-46FA-9814-47229FF6D0B1}.Debug|Any CPU.ActiveCfg = Debug|Any CPU
		{B741F8DC-9477-46FA-9814-47229FF6D0B1}.Debug|Any CPU.Build.0 = Debug|Any CPU
		{B741F8DC-9477-46FA-9814-47229FF6D0B1}.Debug|x64.ActiveCfg = Debug|Any CPU
		{B741F8DC-9477-46FA-9814-47229FF6D0B1}.Debug|x64.Build.0 = Debug|Any CPU
		{B741F8DC-9477-46FA-9814-47229FF6D0B1}.Debug|x86.ActiveCfg = Debug|Any CPU
		{B741F8DC-9477-46FA-9814-47229FF6D0B1}.Debug|x86.Build.0 = Debug|Any CPU
		{B741F8DC-9477-46FA-9814-47229FF6D0B1}.Release|Any CPU.ActiveCfg = Release|Any CPU
		{B741F8DC-9477-46FA-9814-47229FF6D0B1}.Release|Any CPU.Build.0 = Release|Any CPU
		{B741F8DC-9477-46FA-9814-47229FF6D0B1}.Release|x64.ActiveCfg = Release|Any CPU
		{B741F8DC-9477-46FA-9814-47229FF6D0B1}.Release|x64.Build.0 = Release|Any CPU
		{B741F8DC-9477-46FA-9814-47229FF6D0B1}.Release|x86.ActiveCfg = Release|Any CPU
		{B741F8DC-9477-46FA-9814-47229FF6D0B1}.Release|x86.Build.0 = Release|Any CPU
		{F2E4736B-8D39-411F-8020-F445851E6515}.Debug|Any CPU.ActiveCfg = Debug|Any CPU
		{F2E4736B-8D39-411F-8020-F445851E6515}.Debug|Any CPU.Build.0 = Debug|Any CPU
		{F2E4736B-8D39-411F-8020-F445851E6515}.Debug|x64.ActiveCfg = Debug|Any CPU
		{F2E4736B-8D39-411F-8020-F445851E6515}.Debug|x64.Build.0 = Debug|Any CPU
		{F2E4736B-8D39-411F-8020-F445851E6515}.Debug|x86.ActiveCfg = Debug|Any CPU
		{F2E4736B-8D39-411F-8020-F445851E6515}.Debug|x86.Build.0 = Debug|Any CPU
		{F2E4736B-8D39-411F-8020-F445851E6515}.Release|Any CPU.ActiveCfg = Release|Any CPU
		{F2E4736B-8D39-411F-8020-F445851E6515}.Release|Any CPU.Build.0 = Release|Any CPU
		{F2E4736B-8D39-411F-8020-F445851E6515}.Release|x64.ActiveCfg = Release|Any CPU
		{F2E4736B-8D39-411F-8020-F445851E6515}.Release|x64.Build.0 = Release|Any CPU
		{F2E4736B-8D39-411F-8020-F445851E6515}.Release|x86.ActiveCfg = Release|Any CPU
		{F2E4736B-8D39-411F-8020-F445851E6515}.Release|x86.Build.0 = Release|Any CPU
	EndGlobalSection
EndGlobal
