
Microsoft Visual Studio Solution File, Format Version 12.00
# Visual Studio 15
VisualStudioVersion = 15.0.26124.0
MinimumVisualStudioVersion = 15.0.26124.0
Project("{FAE04EC0-301F-11D3-BF4B-00C04F79EFBC}") = "whitewaterfinder.front", "whitewaterfinder.front\whitewaterfinder.front.csproj", "{2103EA23-358F-4C44-A207-0E2DFBCD3194}"
EndProject
Project("{FAE04EC0-301F-11D3-BF4B-00C04F79EFBC}") = "whitewaterfinder.test", "whitewaterfinder.test\whitewaterfinder.test.csproj", "{F2A73E10-4B89-4780-9FAD-37FB79CADBE6}"
EndProject
Project("{FAE04EC0-301F-11D3-BF4B-00C04F79EFBC}") = "whitewaterfinder.Core", "whitewaterfinder.Core\whitewaterfinder.Core.csproj", "{93272ABB-29CD-4D80-B9A5-CF2AA63897D8}"
EndProject
Project("{FAE04EC0-301F-11D3-BF4B-00C04F79EFBC}") = "whitewaterfinder.Repo", "whitewaterfinder.Repo\whitewaterfinder.Repo.csproj", "{A06C3697-7BA0-447F-AA00-6A4274A6DB78}"
EndProject
Project("{FAE04EC0-301F-11D3-BF4B-00C04F79EFBC}") = "whitewaterfinder.BusinessObjects", "whitewaterfinder.BusinessObjects\whitewaterfinder.BusinessObjects.csproj", "{2333F68B-4C79-479A-A85E-FF2D48B52CD3}"
EndProject
Global
	GlobalSection(SolutionConfigurationPlatforms) = preSolution
		Debug|Any CPU = Debug|Any CPU
		Debug|x64 = Debug|x64
		Debug|x86 = Debug|x86
		Release|Any CPU = Release|Any CPU
		Release|x64 = Release|x64
		Release|x86 = Release|x86
	EndGlobalSection
	GlobalSection(SolutionProperties) = preSolution
		HideSolutionNode = FALSE
	EndGlobalSection
	GlobalSection(ProjectConfigurationPlatforms) = postSolution
		{2103EA23-358F-4C44-A207-0E2DFBCD3194}.Debug|Any CPU.ActiveCfg = Debug|Any CPU
		{2103EA23-358F-4C44-A207-0E2DFBCD3194}.Debug|Any CPU.Build.0 = Debug|Any CPU
		{2103EA23-358F-4C44-A207-0E2DFBCD3194}.Debug|x64.ActiveCfg = Debug|Any CPU
		{2103EA23-358F-4C44-A207-0E2DFBCD3194}.Debug|x64.Build.0 = Debug|Any CPU
		{2103EA23-358F-4C44-A207-0E2DFBCD3194}.Debug|x86.ActiveCfg = Debug|Any CPU
		{2103EA23-358F-4C44-A207-0E2DFBCD3194}.Debug|x86.Build.0 = Debug|Any CPU
		{2103EA23-358F-4C44-A207-0E2DFBCD3194}.Release|Any CPU.ActiveCfg = Release|Any CPU
		{2103EA23-358F-4C44-A207-0E2DFBCD3194}.Release|Any CPU.Build.0 = Release|Any CPU
		{2103EA23-358F-4C44-A207-0E2DFBCD3194}.Release|x64.ActiveCfg = Release|Any CPU
		{2103EA23-358F-4C44-A207-0E2DFBCD3194}.Release|x64.Build.0 = Release|Any CPU
		{2103EA23-358F-4C44-A207-0E2DFBCD3194}.Release|x86.ActiveCfg = Release|Any CPU
		{2103EA23-358F-4C44-A207-0E2DFBCD3194}.Release|x86.Build.0 = Release|Any CPU
		{F2A73E10-4B89-4780-9FAD-37FB79CADBE6}.Debug|Any CPU.ActiveCfg = Debug|Any CPU
		{F2A73E10-4B89-4780-9FAD-37FB79CADBE6}.Debug|Any CPU.Build.0 = Debug|Any CPU
		{F2A73E10-4B89-4780-9FAD-37FB79CADBE6}.Debug|x64.ActiveCfg = Debug|Any CPU
		{F2A73E10-4B89-4780-9FAD-37FB79CADBE6}.Debug|x64.Build.0 = Debug|Any CPU
		{F2A73E10-4B89-4780-9FAD-37FB79CADBE6}.Debug|x86.ActiveCfg = Debug|Any CPU
		{F2A73E10-4B89-4780-9FAD-37FB79CADBE6}.Debug|x86.Build.0 = Debug|Any CPU
		{F2A73E10-4B89-4780-9FAD-37FB79CADBE6}.Release|Any CPU.ActiveCfg = Release|Any CPU
		{F2A73E10-4B89-4780-9FAD-37FB79CADBE6}.Release|Any CPU.Build.0 = Release|Any CPU
		{F2A73E10-4B89-4780-9FAD-37FB79CADBE6}.Release|x64.ActiveCfg = Release|Any CPU
		{F2A73E10-4B89-4780-9FAD-37FB79CADBE6}.Release|x64.Build.0 = Release|Any CPU
		{F2A73E10-4B89-4780-9FAD-37FB79CADBE6}.Release|x86.ActiveCfg = Release|Any CPU
		{F2A73E10-4B89-4780-9FAD-37FB79CADBE6}.Release|x86.Build.0 = Release|Any CPU
		{93272ABB-29CD-4D80-B9A5-CF2AA63897D8}.Debug|Any CPU.ActiveCfg = Debug|Any CPU
		{93272ABB-29CD-4D80-B9A5-CF2AA63897D8}.Debug|Any CPU.Build.0 = Debug|Any CPU
		{93272ABB-29CD-4D80-B9A5-CF2AA63897D8}.Debug|x64.ActiveCfg = Debug|Any CPU
		{93272ABB-29CD-4D80-B9A5-CF2AA63897D8}.Debug|x64.Build.0 = Debug|Any CPU
		{93272ABB-29CD-4D80-B9A5-CF2AA63897D8}.Debug|x86.ActiveCfg = Debug|Any CPU
		{93272ABB-29CD-4D80-B9A5-CF2AA63897D8}.Debug|x86.Build.0 = Debug|Any CPU
		{93272ABB-29CD-4D80-B9A5-CF2AA63897D8}.Release|Any CPU.ActiveCfg = Release|Any CPU
		{93272ABB-29CD-4D80-B9A5-CF2AA63897D8}.Release|Any CPU.Build.0 = Release|Any CPU
		{93272ABB-29CD-4D80-B9A5-CF2AA63897D8}.Release|x64.ActiveCfg = Release|Any CPU
		{93272ABB-29CD-4D80-B9A5-CF2AA63897D8}.Release|x64.Build.0 = Release|Any CPU
		{93272ABB-29CD-4D80-B9A5-CF2AA63897D8}.Release|x86.ActiveCfg = Release|Any CPU
		{93272ABB-29CD-4D80-B9A5-CF2AA63897D8}.Release|x86.Build.0 = Release|Any CPU
		{A06C3697-7BA0-447F-AA00-6A4274A6DB78}.Debug|Any CPU.ActiveCfg = Debug|Any CPU
		{A06C3697-7BA0-447F-AA00-6A4274A6DB78}.Debug|Any CPU.Build.0 = Debug|Any CPU
		{A06C3697-7BA0-447F-AA00-6A4274A6DB78}.Debug|x64.ActiveCfg = Debug|Any CPU
		{A06C3697-7BA0-447F-AA00-6A4274A6DB78}.Debug|x64.Build.0 = Debug|Any CPU
		{A06C3697-7BA0-447F-AA00-6A4274A6DB78}.Debug|x86.ActiveCfg = Debug|Any CPU
		{A06C3697-7BA0-447F-AA00-6A4274A6DB78}.Debug|x86.Build.0 = Debug|Any CPU
		{A06C3697-7BA0-447F-AA00-6A4274A6DB78}.Release|Any CPU.ActiveCfg = Release|Any CPU
		{A06C3697-7BA0-447F-AA00-6A4274A6DB78}.Release|Any CPU.Build.0 = Release|Any CPU
		{A06C3697-7BA0-447F-AA00-6A4274A6DB78}.Release|x64.ActiveCfg = Release|Any CPU
		{A06C3697-7BA0-447F-AA00-6A4274A6DB78}.Release|x64.Build.0 = Release|Any CPU
		{A06C3697-7BA0-447F-AA00-6A4274A6DB78}.Release|x86.ActiveCfg = Release|Any CPU
		{A06C3697-7BA0-447F-AA00-6A4274A6DB78}.Release|x86.Build.0 = Release|Any CPU
		{2333F68B-4C79-479A-A85E-FF2D48B52CD3}.Debug|Any CPU.ActiveCfg = Debug|Any CPU
		{2333F68B-4C79-479A-A85E-FF2D48B52CD3}.Debug|Any CPU.Build.0 = Debug|Any CPU
		{2333F68B-4C79-479A-A85E-FF2D48B52CD3}.Debug|x64.ActiveCfg = Debug|Any CPU
		{2333F68B-4C79-479A-A85E-FF2D48B52CD3}.Debug|x64.Build.0 = Debug|Any CPU
		{2333F68B-4C79-479A-A85E-FF2D48B52CD3}.Debug|x86.ActiveCfg = Debug|Any CPU
		{2333F68B-4C79-479A-A85E-FF2D48B52CD3}.Debug|x86.Build.0 = Debug|Any CPU
		{2333F68B-4C79-479A-A85E-FF2D48B52CD3}.Release|Any CPU.ActiveCfg = Release|Any CPU
		{2333F68B-4C79-479A-A85E-FF2D48B52CD3}.Release|Any CPU.Build.0 = Release|Any CPU
		{2333F68B-4C79-479A-A85E-FF2D48B52CD3}.Release|x64.ActiveCfg = Release|Any CPU
		{2333F68B-4C79-479A-A85E-FF2D48B52CD3}.Release|x64.Build.0 = Release|Any CPU
		{2333F68B-4C79-479A-A85E-FF2D48B52CD3}.Release|x86.ActiveCfg = Release|Any CPU
		{2333F68B-4C79-479A-A85E-FF2D48B52CD3}.Release|x86.Build.0 = Release|Any CPU
	EndGlobalSection
EndGlobal
